{
  "requires": true,
  "lockfileVersion": 1,
  "dependencies": {
    "framework7-icons": {
      "version": "3.0.0",
      "resolved": "https://registry.npmjs.org/framework7-icons/-/framework7-icons-3.0.0.tgz",
      "integrity": "sha512-+mB8XhEAaIjjfRNlqW2tk7kYfPrQvDmDVpRFUjeUOiPDqqOybYmC9McvVPwwmqmob4nD3iZFWfs+rAMkVs5vPQ=="
    }
  }
}
